// !$*UTF8*$!
{
	archiveVersion = 1;
	classes = {
	};
	objectVersion = 46;
	objects = {

/* Begin PBXBuildFile section */
		91122FE81E9E8B9200E877B9 /* MapViewController.swift in Sources */ = {isa = PBXBuildFile; fileRef = 91122FE71E9E8B9200E877B9 /* MapViewController.swift */; };
		91122FEA1E9F6F6A00E877B9 /* DetailedViewController.swift in Sources */ = {isa = PBXBuildFile; fileRef = 91122FE91E9F6F6A00E877B9 /* DetailedViewController.swift */; };
		91122FEC1E9F7CDA00E877B9 /* PinAnnotation.swift in Sources */ = {isa = PBXBuildFile; fileRef = 91122FEB1E9F7CDA00E877B9 /* PinAnnotation.swift */; };
		91A4B4811EB8EAA400A07696 /* Utils.swift in Sources */ = {isa = PBXBuildFile; fileRef = 91A4B4801EB8EAA400A07696 /* Utils.swift */; };
		91A4B4831EB9DBE900A07696 /* locations.json in Resources */ = {isa = PBXBuildFile; fileRef = 91A4B4821EB9DB8F00A07696 /* locations.json */; };
		91A4B4861EB9E67E00A07696 /* locations_pdate.json in Resources */ = {isa = PBXBuildFile; fileRef = 91A4B4841EB9E67E00A07696 /* locations_pdate.json */; };
		91A4B4871EB9E67E00A07696 /* locations_sdate.json in Resources */ = {isa = PBXBuildFile; fileRef = 91A4B4851EB9E67E00A07696 /* locations_sdate.json */; };
		91BF98F81E9CBD0B009DCC5F /* POICell.swift in Sources */ = {isa = PBXBuildFile; fileRef = 91BF98F71E9CBD0B009DCC5F /* POICell.swift */; };
		91BF98FB1E9CBE7A009DCC5F /* MapKit.framework in Frameworks */ = {isa = PBXBuildFile; fileRef = 91BF98FA1E9CBE7A009DCC5F /* MapKit.framework */; };
		91BF99031E9D0CD1009DCC5F /* CoreData.framework in Frameworks */ = {isa = PBXBuildFile; fileRef = 91BF99021E9D0CD1009DCC5F /* CoreData.framework */; };
		91BF99111E9D11DA009DCC5F /* Storadge.swift in Sources */ = {isa = PBXBuildFile; fileRef = 91BF99101E9D11DA009DCC5F /* Storadge.swift */; };
		91BF99131E9D1C6F009DCC5F /* PoiListViewController.swift in Sources */ = {isa = PBXBuildFile; fileRef = 91BF99121E9D1C6F009DCC5F /* PoiListViewController.swift */; };
		91BF991C1E9D3C03009DCC5F /* PoiItem+CoreDataClass.swift in Sources */ = {isa = PBXBuildFile; fileRef = 91BF991A1E9D3C03009DCC5F /* PoiItem+CoreDataClass.swift */; };
		91BF991D1E9D3C03009DCC5F /* PoiItem+CoreDataProperties.swift in Sources */ = {isa = PBXBuildFile; fileRef = 91BF991B1E9D3C03009DCC5F /* PoiItem+CoreDataProperties.swift */; };
		91BF991F1E9D3D54009DCC5F /* CoreLocation.framework in Frameworks */ = {isa = PBXBuildFile; fileRef = 91BF991E1E9D3D54009DCC5F /* CoreLocation.framework */; };
		91C842DC1E9CB370008717D7 /* AppDelegate.swift in Sources */ = {isa = PBXBuildFile; fileRef = 91C842DB1E9CB370008717D7 /* AppDelegate.swift */; };
		91C842DE1E9CB370008717D7 /* ViewController.swift in Sources */ = {isa = PBXBuildFile; fileRef = 91C842DD1E9CB370008717D7 /* ViewController.swift */; };
		91C842E11E9CB370008717D7 /* Main.storyboard in Resources */ = {isa = PBXBuildFile; fileRef = 91C842DF1E9CB370008717D7 /* Main.storyboard */; };
		91C842E41E9CB370008717D7 /* phofint.xcdatamodeld in Sources */ = {isa = PBXBuildFile; fileRef = 91C842E21E9CB370008717D7 /* phofint.xcdatamodeld */; };
		91C842E61E9CB370008717D7 /* Assets.xcassets in Resources */ = {isa = PBXBuildFile; fileRef = 91C842E51E9CB370008717D7 /* Assets.xcassets */; };
		91C842E91E9CB370008717D7 /* LaunchScreen.storyboard in Resources */ = {isa = PBXBuildFile; fileRef = 91C842E71E9CB370008717D7 /* LaunchScreen.storyboard */; };
		91C842F41E9CB370008717D7 /* phofintTests.swift in Sources */ = {isa = PBXBuildFile; fileRef = 91C842F31E9CB370008717D7 /* phofintTests.swift */; };
		91C842FF1E9CB370008717D7 /* phofintUITests.swift in Sources */ = {isa = PBXBuildFile; fileRef = 91C842FE1E9CB370008717D7 /* phofintUITests.swift */; };
		91C843111E9CB5E9008717D7 /* locations.json in Resources */ = {isa = PBXBuildFile; fileRef = 91C843101E9CB5E9008717D7 /* locations.json */; };
/* End PBXBuildFile section */

/* Begin PBXContainerItemProxy section */
		91C842F01E9CB370008717D7 /* PBXContainerItemProxy */ = {
			isa = PBXContainerItemProxy;
			containerPortal = 91C842D01E9CB36F008717D7 /* Project object */;
			proxyType = 1;
			remoteGlobalIDString = 91C842D71E9CB370008717D7;
			remoteInfo = phofint;
		};
		91C842FB1E9CB370008717D7 /* PBXContainerItemProxy */ = {
			isa = PBXContainerItemProxy;
			containerPortal = 91C842D01E9CB36F008717D7 /* Project object */;
			proxyType = 1;
			remoteGlobalIDString = 91C842D71E9CB370008717D7;
			remoteInfo = phofint;
		};
/* End PBXContainerItemProxy section */

/* Begin PBXFileReference section */
		91122FE71E9E8B9200E877B9 /* MapViewController.swift */ = {isa = PBXFileReference; fileEncoding = 4; lastKnownFileType = sourcecode.swift; path = MapViewController.swift; sourceTree = "<group>"; };
		91122FE91E9F6F6A00E877B9 /* DetailedViewController.swift */ = {isa = PBXFileReference; fileEncoding = 4; lastKnownFileType = sourcecode.swift; path = DetailedViewController.swift; sourceTree = "<group>"; };
		91122FEB1E9F7CDA00E877B9 /* PinAnnotation.swift */ = {isa = PBXFileReference; fileEncoding = 4; lastKnownFileType = sourcecode.swift; path = PinAnnotation.swift; sourceTree = "<group>"; };
		91A4B4801EB8EAA400A07696 /* Utils.swift */ = {isa = PBXFileReference; fileEncoding = 4; lastKnownFileType = sourcecode.swift; path = Utils.swift; sourceTree = "<group>"; };
		91A4B4821EB9DB8F00A07696 /* locations.json */ = {isa = PBXFileReference; fileEncoding = 4; lastKnownFileType = text.json; lineEnding = 0; path = locations.json; sourceTree = "<group>"; };
		91A4B4841EB9E67E00A07696 /* locations_pdate.json */ = {isa = PBXFileReference; fileEncoding = 4; lastKnownFileType = text.json; path = locations_pdate.json; sourceTree = "<group>"; };
		91A4B4851EB9E67E00A07696 /* locations_sdate.json */ = {isa = PBXFileReference; fileEncoding = 4; lastKnownFileType = text.json; path = locations_sdate.json; sourceTree = "<group>"; };
		91BF98F71E9CBD0B009DCC5F /* POICell.swift */ = {isa = PBXFileReference; fileEncoding = 4; lastKnownFileType = sourcecode.swift; path = POICell.swift; sourceTree = "<group>"; };
		91BF98FA1E9CBE7A009DCC5F /* MapKit.framework */ = {isa = PBXFileReference; lastKnownFileType = wrapper.framework; name = MapKit.framework; path = System/Library/Frameworks/MapKit.framework; sourceTree = SDKROOT; };
		91BF99021E9D0CD1009DCC5F /* CoreData.framework */ = {isa = PBXFileReference; lastKnownFileType = wrapper.framework; name = CoreData.framework; path = System/Library/Frameworks/CoreData.framework; sourceTree = SDKROOT; };
		91BF99101E9D11DA009DCC5F /* Storadge.swift */ = {isa = PBXFileReference; fileEncoding = 4; lastKnownFileType = sourcecode.swift; path = Storadge.swift; sourceTree = "<group>"; };
		91BF99121E9D1C6F009DCC5F /* PoiListViewController.swift */ = {isa = PBXFileReference; fileEncoding = 4; lastKnownFileType = sourcecode.swift; path = PoiListViewController.swift; sourceTree = "<group>"; };
		91BF991A1E9D3C03009DCC5F /* PoiItem+CoreDataClass.swift */ = {isa = PBXFileReference; fileEncoding = 4; lastKnownFileType = sourcecode.swift; name = "PoiItem+CoreDataClass.swift"; path = "../PoiItem+CoreDataClass.swift"; sourceTree = "<group>"; };
		91BF991B1E9D3C03009DCC5F /* PoiItem+CoreDataProperties.swift */ = {isa = PBXFileReference; fileEncoding = 4; lastKnownFileType = sourcecode.swift; name = "PoiItem+CoreDataProperties.swift"; path = "../PoiItem+CoreDataProperties.swift"; sourceTree = "<group>"; };
		91BF991E1E9D3D54009DCC5F /* CoreLocation.framework */ = {isa = PBXFileReference; lastKnownFileType = wrapper.framework; name = CoreLocation.framework; path = System/Library/Frameworks/CoreLocation.framework; sourceTree = SDKROOT; };
		91C842D81E9CB370008717D7 /* phofint.app */ = {isa = PBXFileReference; explicitFileType = wrapper.application; includeInIndex = 0; path = phofint.app; sourceTree = BUILT_PRODUCTS_DIR; };
		91C842DB1E9CB370008717D7 /* AppDelegate.swift */ = {isa = PBXFileReference; lastKnownFileType = sourcecode.swift; path = AppDelegate.swift; sourceTree = "<group>"; };
		91C842DD1E9CB370008717D7 /* ViewController.swift */ = {isa = PBXFileReference; lastKnownFileType = sourcecode.swift; path = ViewController.swift; sourceTree = "<group>"; };
		91C842E01E9CB370008717D7 /* Base */ = {isa = PBXFileReference; lastKnownFileType = file.storyboard; name = Base; path = Base.lproj/Main.storyboard; sourceTree = "<group>"; };
		91C842E31E9CB370008717D7 /* phofint.xcdatamodel */ = {isa = PBXFileReference; lastKnownFileType = wrapper.xcdatamodel; path = phofint.xcdatamodel; sourceTree = "<group>"; };
		91C842E51E9CB370008717D7 /* Assets.xcassets */ = {isa = PBXFileReference; lastKnownFileType = folder.assetcatalog; path = Assets.xcassets; sourceTree = "<group>"; };
		91C842E81E9CB370008717D7 /* Base */ = {isa = PBXFileReference; lastKnownFileType = file.storyboard; name = Base; path = Base.lproj/LaunchScreen.storyboard; sourceTree = "<group>"; };
		91C842EA1E9CB370008717D7 /* Info.plist */ = {isa = PBXFileReference; lastKnownFileType = text.plist.xml; path = Info.plist; sourceTree = "<group>"; };
		91C842EF1E9CB370008717D7 /* phofintTests.xctest */ = {isa = PBXFileReference; explicitFileType = wrapper.cfbundle; includeInIndex = 0; path = phofintTests.xctest; sourceTree = BUILT_PRODUCTS_DIR; };
		91C842F31E9CB370008717D7 /* phofintTests.swift */ = {isa = PBXFileReference; lastKnownFileType = sourcecode.swift; path = phofintTests.swift; sourceTree = "<group>"; };
		91C842F51E9CB370008717D7 /* Info.plist */ = {isa = PBXFileReference; lastKnownFileType = text.plist.xml; path = Info.plist; sourceTree = "<group>"; };
		91C842FA1E9CB370008717D7 /* phofintUITests.xctest */ = {isa = PBXFileReference; explicitFileType = wrapper.cfbundle; includeInIndex = 0; path = phofintUITests.xctest; sourceTree = BUILT_PRODUCTS_DIR; };
		91C842FE1E9CB370008717D7 /* phofintUITests.swift */ = {isa = PBXFileReference; lastKnownFileType = sourcecode.swift; path = phofintUITests.swift; sourceTree = "<group>"; };
		91C843001E9CB370008717D7 /* Info.plist */ = {isa = PBXFileReference; lastKnownFileType = text.plist.xml; path = Info.plist; sourceTree = "<group>"; };
		91C843101E9CB5E9008717D7 /* locations.json */ = {isa = PBXFileReference; fileEncoding = 4; lastKnownFileType = text.json; path = locations.json; sourceTree = "<group>"; };
/* End PBXFileReference section */

/* Begin PBXFrameworksBuildPhase section */
		91C842D51E9CB370008717D7 /* Frameworks */ = {
			isa = PBXFrameworksBuildPhase;
			buildActionMask = 2147483647;
			files = (
				91BF991F1E9D3D54009DCC5F /* CoreLocation.framework in Frameworks */,
				91BF99031E9D0CD1009DCC5F /* CoreData.framework in Frameworks */,
				91BF98FB1E9CBE7A009DCC5F /* MapKit.framework in Frameworks */,
			);
			runOnlyForDeploymentPostprocessing = 0;
		};
		91C842EC1E9CB370008717D7 /* Frameworks */ = {
			isa = PBXFrameworksBuildPhase;
			buildActionMask = 2147483647;
			files = (
			);
			runOnlyForDeploymentPostprocessing = 0;
		};
		91C842F71E9CB370008717D7 /* Frameworks */ = {
			isa = PBXFrameworksBuildPhase;
			buildActionMask = 2147483647;
			files = (
			);
			runOnlyForDeploymentPostprocessing = 0;
		};
/* End PBXFrameworksBuildPhase section */

/* Begin PBXGroup section */
		91BF98F91E9CBE7A009DCC5F /* Frameworks */ = {
			isa = PBXGroup;
			children = (
				91BF991E1E9D3D54009DCC5F /* CoreLocation.framework */,
				91BF99021E9D0CD1009DCC5F /* CoreData.framework */,
				91BF98FA1E9CBE7A009DCC5F /* MapKit.framework */,
			);
			name = Frameworks;
			sourceTree = "<group>";
		};
		91C842CF1E9CB36F008717D7 = {
			isa = PBXGroup;
			children = (
				91C842DA1E9CB370008717D7 /* phofint */,
				91C842F21E9CB370008717D7 /* phofintTests */,
				91C842FD1E9CB370008717D7 /* phofintUITests */,
				91C842D91E9CB370008717D7 /* Products */,
				91BF98F91E9CBE7A009DCC5F /* Frameworks */,
			);
			sourceTree = "<group>";
		};
		91C842D91E9CB370008717D7 /* Products */ = {
			isa = PBXGroup;
			children = (
				91C842D81E9CB370008717D7 /* phofint.app */,
				91C842EF1E9CB370008717D7 /* phofintTests.xctest */,
				91C842FA1E9CB370008717D7 /* phofintUITests.xctest */,
			);
			name = Products;
			sourceTree = "<group>";
		};
		91C842DA1E9CB370008717D7 /* phofint */ = {
			isa = PBXGroup;
			children = (
				91BF991A1E9D3C03009DCC5F /* PoiItem+CoreDataClass.swift */,
				91BF991B1E9D3C03009DCC5F /* PoiItem+CoreDataProperties.swift */,
				91C842DB1E9CB370008717D7 /* AppDelegate.swift */,
				91C842DD1E9CB370008717D7 /* ViewController.swift */,
				91C842DF1E9CB370008717D7 /* Main.storyboard */,
				91C842E51E9CB370008717D7 /* Assets.xcassets */,
				91C842E71E9CB370008717D7 /* LaunchScreen.storyboard */,
				91C842EA1E9CB370008717D7 /* Info.plist */,
				91C842E21E9CB370008717D7 /* phofint.xcdatamodeld */,
				91C843101E9CB5E9008717D7 /* locations.json */,
				91BF98F71E9CBD0B009DCC5F /* POICell.swift */,
				91BF99101E9D11DA009DCC5F /* Storadge.swift */,
				91BF99121E9D1C6F009DCC5F /* PoiListViewController.swift */,
				91122FE71E9E8B9200E877B9 /* MapViewController.swift */,
				91122FE91E9F6F6A00E877B9 /* DetailedViewController.swift */,
				91122FEB1E9F7CDA00E877B9 /* PinAnnotation.swift */,
				91A4B4801EB8EAA400A07696 /* Utils.swift */,
			);
			path = phofint;
			sourceTree = "<group>";
		};
		91C842F21E9CB370008717D7 /* phofintTests */ = {
			isa = PBXGroup;
			children = (
				91C842F31E9CB370008717D7 /* phofintTests.swift */,
				91A4B4841EB9E67E00A07696 /* locations_pdate.json */,
				91A4B4851EB9E67E00A07696 /* locations_sdate.json */,
				91C842F51E9CB370008717D7 /* Info.plist */,
				91A4B4821EB9DB8F00A07696 /* locations.json */,
			);
			path = phofintTests;
			sourceTree = "<group>";
		};
		91C842FD1E9CB370008717D7 /* phofintUITests */ = {
			isa = PBXGroup;
			children = (
				91C842FE1E9CB370008717D7 /* phofintUITests.swift */,
				91C843001E9CB370008717D7 /* Info.plist */,
			);
			path = phofintUITests;
			sourceTree = "<group>";
		};
/* End PBXGroup section */

/* Begin PBXNativeTarget section */
		91C842D71E9CB370008717D7 /* phofint */ = {
			isa = PBXNativeTarget;
			buildConfigurationList = 91C843031E9CB370008717D7 /* Build configuration list for PBXNativeTarget "phofint" */;
			buildPhases = (
				91C842D41E9CB370008717D7 /* Sources */,
				91C842D51E9CB370008717D7 /* Frameworks */,
				91C842D61E9CB370008717D7 /* Resources */,
			);
			buildRules = (
			);
			dependencies = (
			);
			name = phofint;
			productName = phofint;
			productReference = 91C842D81E9CB370008717D7 /* phofint.app */;
			productType = "com.apple.product-type.application";
		};
		91C842EE1E9CB370008717D7 /* phofintTests */ = {
			isa = PBXNativeTarget;
			buildConfigurationList = 91C843061E9CB370008717D7 /* Build configuration list for PBXNativeTarget "phofintTests" */;
			buildPhases = (
				91C842EB1E9CB370008717D7 /* Sources */,
				91C842EC1E9CB370008717D7 /* Frameworks */,
				91C842ED1E9CB370008717D7 /* Resources */,
			);
			buildRules = (
			);
			dependencies = (
				91C842F11E9CB370008717D7 /* PBXTargetDependency */,
			);
			name = phofintTests;
			productName = phofintTests;
			productReference = 91C842EF1E9CB370008717D7 /* phofintTests.xctest */;
			productType = "com.apple.product-type.bundle.unit-test";
		};
		91C842F91E9CB370008717D7 /* phofintUITests */ = {
			isa = PBXNativeTarget;
			buildConfigurationList = 91C843091E9CB370008717D7 /* Build configuration list for PBXNativeTarget "phofintUITests" */;
			buildPhases = (
				91C842F61E9CB370008717D7 /* Sources */,
				91C842F71E9CB370008717D7 /* Frameworks */,
				91C842F81E9CB370008717D7 /* Resources */,
			);
			buildRules = (
			);
			dependencies = (
				91C842FC1E9CB370008717D7 /* PBXTargetDependency */,
			);
			name = phofintUITests;
			productName = phofintUITests;
			productReference = 91C842FA1E9CB370008717D7 /* phofintUITests.xctest */;
			productType = "com.apple.product-type.bundle.ui-testing";
		};
/* End PBXNativeTarget section */

/* Begin PBXProject section */
		91C842D01E9CB36F008717D7 /* Project object */ = {
			isa = PBXProject;
			attributes = {
				LastSwiftUpdateCheck = 0830;
				LastUpgradeCheck = 0830;
				ORGANIZATIONNAME = Epam;
				TargetAttributes = {
					91C842D71E9CB370008717D7 = {
						CreatedOnToolsVersion = 8.3;
						ProvisioningStyle = Automatic;
					};
					91C842EE1E9CB370008717D7 = {
						CreatedOnToolsVersion = 8.3;
						ProvisioningStyle = Automatic;
						TestTargetID = 91C842D71E9CB370008717D7;
					};
					91C842F91E9CB370008717D7 = {
						CreatedOnToolsVersion = 8.3;
						ProvisioningStyle = Automatic;
						TestTargetID = 91C842D71E9CB370008717D7;
					};
				};
			};
			buildConfigurationList = 91C842D31E9CB36F008717D7 /* Build configuration list for PBXProject "phofint" */;
			compatibilityVersion = "Xcode 3.2";
			developmentRegion = English;
			hasScannedForEncodings = 0;
			knownRegions = (
				en,
				Base,
			);
			mainGroup = 91C842CF1E9CB36F008717D7;
			productRefGroup = 91C842D91E9CB370008717D7 /* Products */;
			projectDirPath = "";
			projectRoot = "";
			targets = (
				91C842D71E9CB370008717D7 /* phofint */,
				91C842EE1E9CB370008717D7 /* phofintTests */,
				91C842F91E9CB370008717D7 /* phofintUITests */,
			);
		};
/* End PBXProject section */

/* Begin PBXResourcesBuildPhase section */
		91C842D61E9CB370008717D7 /* Resources */ = {
			isa = PBXResourcesBuildPhase;
			buildActionMask = 2147483647;
			files = (
				91C842E91E9CB370008717D7 /* LaunchScreen.storyboard in Resources */,
				91C842E61E9CB370008717D7 /* Assets.xcassets in Resources */,
				91C843111E9CB5E9008717D7 /* locations.json in Resources */,
				91C842E11E9CB370008717D7 /* Main.storyboard in Resources */,
			);
			runOnlyForDeploymentPostprocessing = 0;
		};
		91C842ED1E9CB370008717D7 /* Resources */ = {
			isa = PBXResourcesBuildPhase;
			buildActionMask = 2147483647;
			files = (
				91A4B4831EB9DBE900A07696 /* locations.json in Resources */,
				91A4B4871EB9E67E00A07696 /* locations_sdate.json in Resources */,
				91A4B4861EB9E67E00A07696 /* locations_pdate.json in Resources */,
			);
			runOnlyForDeploymentPostprocessing = 0;
		};
		91C842F81E9CB370008717D7 /* Resources */ = {
			isa = PBXResourcesBuildPhase;
			buildActionMask = 2147483647;
			files = (
			);
			runOnlyForDeploymentPostprocessing = 0;
		};
/* End PBXResourcesBuildPhase section */

/* Begin PBXSourcesBuildPhase section */
		91C842D41E9CB370008717D7 /* Sources */ = {
			isa = PBXSourcesBuildPhase;
			buildActionMask = 2147483647;
			files = (
				91BF98F81E9CBD0B009DCC5F /* POICell.swift in Sources */,
				91BF991D1E9D3C03009DCC5F /* PoiItem+CoreDataProperties.swift in Sources */,
				91BF991C1E9D3C03009DCC5F /* PoiItem+CoreDataClass.swift in Sources */,
				91122FEA1E9F6F6A00E877B9 /* DetailedViewController.swift in Sources */,
				91122FEC1E9F7CDA00E877B9 /* PinAnnotation.swift in Sources */,
				91122FE81E9E8B9200E877B9 /* MapViewController.swift in Sources */,
				91BF99131E9D1C6F009DCC5F /* PoiListViewController.swift in Sources */,
				91C842DE1E9CB370008717D7 /* ViewController.swift in Sources */,
				91BF99111E9D11DA009DCC5F /* Storadge.swift in Sources */,
				91C842DC1E9CB370008717D7 /* AppDelegate.swift in Sources */,
				91C842E41E9CB370008717D7 /* phofint.xcdatamodeld in Sources */,
				91A4B4811EB8EAA400A07696 /* Utils.swift in Sources */,
			);
			runOnlyForDeploymentPostprocessing = 0;
		};
		91C842EB1E9CB370008717D7 /* Sources */ = {
			isa = PBXSourcesBuildPhase;
			buildActionMask = 2147483647;
			files = (
				91C842F41E9CB370008717D7 /* phofintTests.swift in Sources */,
			);
			runOnlyForDeploymentPostprocessing = 0;
		};
		91C842F61E9CB370008717D7 /* Sources */ = {
			isa = PBXSourcesBuildPhase;
			buildActionMask = 2147483647;
			files = (
				91C842FF1E9CB370008717D7 /* phofintUITests.swift in Sources */,
			);
			runOnlyForDeploymentPostprocessing = 0;
		};
/* End PBXSourcesBuildPhase section */

/* Begin PBXTargetDependency section */
		91C842F11E9CB370008717D7 /* PBXTargetDependency */ = {
			isa = PBXTargetDependency;
			target = 91C842D71E9CB370008717D7 /* phofint */;
			targetProxy = 91C842F01E9CB370008717D7 /* PBXContainerItemProxy */;
		};
		91C842FC1E9CB370008717D7 /* PBXTargetDependency */ = {
			isa = PBXTargetDependency;
			target = 91C842D71E9CB370008717D7 /* phofint */;
			targetProxy = 91C842FB1E9CB370008717D7 /* PBXContainerItemProxy */;
		};
/* End PBXTargetDependency section */

/* Begin PBXVariantGroup section */
		91C842DF1E9CB370008717D7 /* Main.storyboard */ = {
			isa = PBXVariantGroup;
			children = (
				91C842E01E9CB370008717D7 /* Base */,
			);
			name = Main.storyboard;
			sourceTree = "<group>";
		};
		91C842E71E9CB370008717D7 /* LaunchScreen.storyboard */ = {
			isa = PBXVariantGroup;
			children = (
				91C842E81E9CB370008717D7 /* Base */,
			);
			name = LaunchScreen.storyboard;
			sourceTree = "<group>";
		};
/* End PBXVariantGroup section */

/* Begin XCBuildConfiguration section */
		91C843011E9CB370008717D7 /* Debug */ = {
			isa = XCBuildConfiguration;
			buildSettings = {
				ALWAYS_SEARCH_USER_PATHS = NO;
				CLANG_ANALYZER_NONNULL = YES;
				CLANG_ANALYZER_NUMBER_OBJECT_CONVERSION = YES_AGGRESSIVE;
				CLANG_CXX_LANGUAGE_STANDARD = "gnu++0x";
				CLANG_CXX_LIBRARY = "libc++";
				CLANG_ENABLE_MODULES = YES;
				CLANG_ENABLE_OBJC_ARC = YES;
				CLANG_WARN_BOOL_CONVERSION = YES;
				CLANG_WARN_CONSTANT_CONVERSION = YES;
				CLANG_WARN_DIRECT_OBJC_ISA_USAGE = YES_ERROR;
				CLANG_WARN_DOCUMENTATION_COMMENTS = YES;
				CLANG_WARN_EMPTY_BODY = YES;
				CLANG_WARN_ENUM_CONVERSION = YES;
				CLANG_WARN_INFINITE_RECURSION = YES;
				CLANG_WARN_INT_CONVERSION = YES;
				CLANG_WARN_OBJC_ROOT_CLASS = YES_ERROR;
				CLANG_WARN_SUSPICIOUS_MOVE = YES;
				CLANG_WARN_UNREACHABLE_CODE = YES;
				CLANG_WARN__DUPLICATE_METHOD_MATCH = YES;
				"CODE_SIGN_IDENTITY[sdk=iphoneos*]" = "iPhone Developer";
				COPY_PHASE_STRIP = NO;
				DEBUG_INFORMATION_FORMAT = dwarf;
				ENABLE_STRICT_OBJC_MSGSEND = YES;
				ENABLE_TESTABILITY = YES;
				GCC_C_LANGUAGE_STANDARD = gnu99;
				GCC_DYNAMIC_NO_PIC = NO;
				GCC_NO_COMMON_BLOCKS = YES;
				GCC_OPTIMIZATION_LEVEL = 0;
				GCC_PREPROCESSOR_DEFINITIONS = (
					"DEBUG=1",
					"$(inherited)",
				);
				GCC_WARN_64_TO_32_BIT_CONVERSION = YES;
				GCC_WARN_ABOUT_RETURN_TYPE = YES_ERROR;
				GCC_WARN_UNDECLARED_SELECTOR = YES;
				GCC_WARN_UNINITIALIZED_AUTOS = YES_AGGRESSIVE;
				GCC_WARN_UNUSED_FUNCTION = YES;
				GCC_WARN_UNUSED_VARIABLE = YES;
				IPHONEOS_DEPLOYMENT_TARGET = 10.3;
				MTL_ENABLE_DEBUG_INFO = YES;
				ONLY_ACTIVE_ARCH = YES;
				SDKROOT = iphoneos;
				SWIFT_ACTIVE_COMPILATION_CONDITIONS = DEBUG;
				SWIFT_OPTIMIZATION_LEVEL = "-Onone";
				TARGETED_DEVICE_FAMILY = "1,2";
			};
			name = Debug;
		};
		91C843021E9CB370008717D7 /* Release */ = {
			isa = XCBuildConfiguration;
			buildSettings = {
				ALWAYS_SEARCH_USER_PATHS = NO;
				CLANG_ANALYZER_NONNULL = YES;
				CLANG_ANALYZER_NUMBER_OBJECT_CONVERSION = YES_AGGRESSIVE;
				CLANG_CXX_LANGUAGE_STANDARD = "gnu++0x";
				CLANG_CXX_LIBRARY = "libc++";
				CLANG_ENABLE_MODULES = YES;
				CLANG_ENABLE_OBJC_ARC = YES;
				CLANG_WARN_BOOL_CONVERSION = YES;
				CLANG_WARN_CONSTANT_CONVERSION = YES;
				CLANG_WARN_DIRECT_OBJC_ISA_USAGE = YES_ERROR;
				CLANG_WARN_DOCUMENTATION_COMMENTS = YES;
				CLANG_WARN_EMPTY_BODY = YES;
				CLANG_WARN_ENUM_CONVERSION = YES;
				CLANG_WARN_INFINITE_RECURSION = YES;
				CLANG_WARN_INT_CONVERSION = YES;
				CLANG_WARN_OBJC_ROOT_CLASS = YES_ERROR;
				CLANG_WARN_SUSPICIOUS_MOVE = YES;
				CLANG_WARN_UNREACHABLE_CODE = YES;
				CLANG_WARN__DUPLICATE_METHOD_MATCH = YES;
				"CODE_SIGN_IDENTITY[sdk=iphoneos*]" = "iPhone Developer";
				COPY_PHASE_STRIP = NO;
				DEBUG_INFORMATION_FORMAT = "dwarf-with-dsym";
				ENABLE_NS_ASSERTIONS = NO;
				ENABLE_STRICT_OBJC_MSGSEND = YES;
				GCC_C_LANGUAGE_STANDARD = gnu99;
				GCC_NO_COMMON_BLOCKS = YES;
				GCC_WARN_64_TO_32_BIT_CONVERSION = YES;
				GCC_WARN_ABOUT_RETURN_TYPE = YES_ERROR;
				GCC_WARN_UNDECLARED_SELECTOR = YES;
				GCC_WARN_UNINITIALIZED_AUTOS = YES_AGGRESSIVE;
				GCC_WARN_UNUSED_FUNCTION = YES;
				GCC_WARN_UNUSED_VARIABLE = YES;
				IPHONEOS_DEPLOYMENT_TARGET = 10.3;
				MTL_ENABLE_DEBUG_INFO = NO;
				SDKROOT = iphoneos;
				SWIFT_OPTIMIZATION_LEVEL = "-Owholemodule";
				TARGETED_DEVICE_FAMILY = "1,2";
				VALIDATE_PRODUCT = YES;
			};
			name = Release;
		};
		91C843041E9CB370008717D7 /* Debug */ = {
			isa = XCBuildConfiguration;
			buildSettings = {
				ASSETCATALOG_COMPILER_APPICON_NAME = AppIcon;
				INFOPLIST_FILE = phofint/Info.plist;
				IPHONEOS_DEPLOYMENT_TARGET = 10.0;
				LD_RUNPATH_SEARCH_PATHS = "$(inherited) @executable_path/Frameworks";
				PRODUCT_BUNDLE_IDENTIFIER = com.epam.logvinenko.andrey.phofint;
				PRODUCT_NAME = "$(TARGET_NAME)";
				SWIFT_VERSION = 3.0;
				TARGETED_DEVICE_FAMILY = 1;
			};
			name = Debug;
		};
		91C843051E9CB370008717D7 /* Release */ = {
			isa = XCBuildConfiguration;
			buildSettings = {
				ASSETCATALOG_COMPILER_APPICON_NAME = AppIcon;
				INFOPLIST_FILE = phofint/Info.plist;
				IPHONEOS_DEPLOYMENT_TARGET = 10.0;
				LD_RUNPATH_SEARCH_PATHS = "$(inherited) @executable_path/Frameworks";
				PRODUCT_BUNDLE_IDENTIFIER = com.epam.logvinenko.andrey.phofint;
				PRODUCT_NAME = "$(TARGET_NAME)";
				SWIFT_VERSION = 3.0;
				TARGETED_DEVICE_FAMILY = 1;
			};
			name = Release;
		};
		91C843071E9CB370008717D7 /* Debug */ = {
			isa = XCBuildConfiguration;
			buildSettings = {
				ALWAYS_EMBED_SWIFT_STANDARD_LIBRARIES = YES;
				BUNDLE_LOADER = "$(TEST_HOST)";
				INFOPLIST_FILE = phofintTests/Info.plist;
				LD_RUNPATH_SEARCH_PATHS = "$(inherited) @executable_path/Frameworks @loader_path/Frameworks";
				PRODUCT_BUNDLE_IDENTIFIER = com.epam.logvinenko.andrey.phofintTests;
				PRODUCT_NAME = "$(TARGET_NAME)";
				SWIFT_VERSION = 3.0;
				TEST_HOST = "$(BUILT_PRODUCTS_DIR)/phofint.app/phofint";
			};
			name = Debug;
		};
		91C843081E9CB370008717D7 /* Release */ = {
			isa = XCBuildConfiguration;
			buildSettings = {
				ALWAYS_EMBED_SWIFT_STANDARD_LIBRARIES = YES;
				BUNDLE_LOADER = "$(TEST_HOST)";
				INFOPLIST_FILE = phofintTests/Info.plist;
				LD_RUNPATH_SEARCH_PATHS = "$(inherited) @executable_path/Frameworks @loader_path/Frameworks";
				PRODUCT_BUNDLE_IDENTIFIER = com.epam.logvinenko.andrey.phofintTests;
				PRODUCT_NAME = "$(TARGET_NAME)";
				SWIFT_VERSION = 3.0;
				TEST_HOST = "$(BUILT_PRODUCTS_DIR)/phofint.app/phofint";
			};
			name = Release;
		};
		91C8430A1E9CB370008717D7 /* Debug */ = {
			isa = XCBuildConfiguration;
			buildSettings = {
				ALWAYS_EMBED_SWIFT_STANDARD_LIBRARIES = YES;
				INFOPLIST_FILE = phofintUITests/Info.plist;
				LD_RUNPATH_SEARCH_PATHS = "$(inherited) @executable_path/Frameworks @loader_path/Frameworks";
				PRODUCT_BUNDLE_IDENTIFIER = com.epam.logvinenko.andrey.phofintUITests;
				PRODUCT_NAME = "$(TARGET_NAME)";
				SWIFT_VERSION = 3.0;
				TEST_TARGET_NAME = phofint;
			};
			name = Debug;
		};
		91C8430B1E9CB370008717D7 /* Release */ = {
			isa = XCBuildConfiguration;
			buildSettings = {
				ALWAYS_EMBED_SWIFT_STANDARD_LIBRARIES = YES;
				INFOPLIST_FILE = phofintUITests/Info.plist;
				LD_RUNPATH_SEARCH_PATHS = "$(inherited) @executable_path/Frameworks @loader_path/Frameworks";
				PRODUCT_BUNDLE_IDENTIFIER = com.epam.logvinenko.andrey.phofintUITests;
				PRODUCT_NAME = "$(TARGET_NAME)";
				SWIFT_VERSION = 3.0;
				TEST_TARGET_NAME = phofint;
			};
			name = Release;
		};
/* End XCBuildConfiguration section */

/* Begin XCConfigurationList section */
		91C842D31E9CB36F008717D7 /* Build configuration list for PBXProject "phofint" */ = {
			isa = XCConfigurationList;
			buildConfigurations = (
				91C843011E9CB370008717D7 /* Debug */,
				91C843021E9CB370008717D7 /* Release */,
			);
			defaultConfigurationIsVisible = 0;
			defaultConfigurationName = Release;
		};
		91C843031E9CB370008717D7 /* Build configuration list for PBXNativeTarget "phofint" */ = {
			isa = XCConfigurationList;
			buildConfigurations = (
				91C843041E9CB370008717D7 /* Debug */,
				91C843051E9CB370008717D7 /* Release */,
			);
			defaultConfigurationIsVisible = 0;
			defaultConfigurationName = Release;
		};
		91C843061E9CB370008717D7 /* Build configuration list for PBXNativeTarget "phofintTests" */ = {
			isa = XCConfigurationList;
			buildConfigurations = (
				91C843071E9CB370008717D7 /* Debug */,
				91C843081E9CB370008717D7 /* Release */,
			);
			defaultConfigurationIsVisible = 0;
			defaultConfigurationName = Release;
		};
		91C843091E9CB370008717D7 /* Build configuration list for PBXNativeTarget "phofintUITests" */ = {
			isa = XCConfigurationList;
			buildConfigurations = (
				91C8430A1E9CB370008717D7 /* Debug */,
				91C8430B1E9CB370008717D7 /* Release */,
			);
			defaultConfigurationIsVisible = 0;
			defaultConfigurationName = Release;
		};
/* End XCConfigurationList section */

/* Begin XCVersionGroup section */
		91C842E21E9CB370008717D7 /* phofint.xcdatamodeld */ = {
			isa = XCVersionGroup;
			children = (
				91C842E31E9CB370008717D7 /* phofint.xcdatamodel */,
			);
			currentVersion = 91C842E31E9CB370008717D7 /* phofint.xcdatamodel */;
			path = phofint.xcdatamodeld;
			sourceTree = "<group>";
			versionGroupType = wrapper.xcdatamodel;
		};
/* End XCVersionGroup section */
	};
	rootObject = 91C842D01E9CB36F008717D7 /* Project object */;
}
